
Microsoft Visual Studio Solution File, Format Version 12.00
# Visual Studio 15
VisualStudioVersion = 15.0.27130.2036
MinimumVisualStudioVersion = 10.0.40219.1
Project("{00D1A9C2-B5F0-4AF3-8072-F6C62B433612}") = "SFA.DAS.RoATPService.Database", "SFA.DAS.RoATPService.Database\SFA.DAS.RoATPService.Database.sqlproj", "{8BC5F439-3B71-47DF-A7DB-F4DDD73592D1}"
EndProject
Project("{9A19103F-16F7-4668-BE54-9A1E7A4F7556}") = "SFA.DAS.RoATPService.Data", "SFA.DAS.RoATPService.Data\SFA.DAS.RoATPService.Data.csproj", "{B0CD30D7-06DF-483F-9D33-A1B6495FAB59}"
EndProject
Project("{9A19103F-16F7-4668-BE54-9A1E7A4F7556}") = "SFA.DAS.RoATPService.Domain", "SFA.DAS.RoATPService.Domain\SFA.DAS.RoATPService.Domain.csproj", "{8EDE82AD-F4DA-4AA9-9275-6A23FDFFFABA}"
EndProject
Project("{2150E333-8FDC-42A3-9474-1A3956D46DE8}") = "Tests", "Tests", "{A41E0780-CADF-4AEC-B37C-D37DAB8A79E5}"
EndProject
Project("{9A19103F-16F7-4668-BE54-9A1E7A4F7556}") = "SFA.DAS.RoATPService.Api.Types", "SFA.DAS.RoATPService.Api.Types\SFA.DAS.RoATPService.Api.Types.csproj", "{A0185DE1-1067-4277-BE5C-7BD5E6AD99C5}"
EndProject
Project("{9A19103F-16F7-4668-BE54-9A1E7A4F7556}") = "SFA.DAS.RoATPService.Application", "SFA.DAS.RoATPService.Application\SFA.DAS.RoATPService.Application.csproj", "{87313D78-5D3B-4CC3-93F8-2125B0C78177}"
EndProject
Project("{9A19103F-16F7-4668-BE54-9A1E7A4F7556}") = "SFA.DAS.RoATPService.Application.Api", "SFA.DAS.RoATPService.Application.Api\SFA.DAS.RoATPService.Application.Api.csproj", "{20890A5B-05D1-402A-A3B8-171AADCB42DE}"
EndProject
Project("{9A19103F-16F7-4668-BE54-9A1E7A4F7556}") = "SFA.DAS.RoATPService.Settings", "SFA.DAS.RoATPService.Settings\SFA.DAS.RoATPService.Settings.csproj", "{DA772D6A-5A4F-4769-983D-2035796D2522}"
EndProject
Project("{9A19103F-16F7-4668-BE54-9A1E7A4F7556}") = "SFA.DAS.RoATPService.Application.UnitTests", "SFA.DAS.RoATPService.Application.UnitTests\SFA.DAS.RoATPService.Application.UnitTests.csproj", "{1AB6600C-1B47-42ED-9C76-8B14D9B10BBB}"
EndProject
Project("{9A19103F-16F7-4668-BE54-9A1E7A4F7556}") = "SFA.DAS.RoATPService.Importer", "SFA.DAS.RoATPService.Importer\SFA.DAS.RoATPService.Importer.csproj", "{AC0ED35D-9A01-40BF-BC59-62423EE1B6DC}"
EndProject
Project("{9A19103F-16F7-4668-BE54-9A1E7A4F7556}") = "SFA.DAS.RoATPService.Importer.UnitTests", "SFA.DAS.RoATPService.Importer.UnitTests\SFA.DAS.RoATPService.Importer.UnitTests.csproj", "{C1A091FB-13EA-44E1-A873-685C9D2355FB}"
EndProject
Project("{FAE04EC0-301F-11D3-BF4B-00C04F79EFBC}") = "SFA.DAS.RoatpService.Data.IntegrationTests", "SFA.DAS.RoatpService.Data.IntegrationTests\SFA.DAS.RoatpService.Data.IntegrationTests.csproj", "{FC71C892-ADA2-4AE8-B475-5DC68CDCA54F}"
EndProject
Global
	GlobalSection(SolutionConfigurationPlatforms) = preSolution
		Debug|Any CPU = Debug|Any CPU
		Release|Any CPU = Release|Any CPU
	EndGlobalSection
	GlobalSection(ProjectConfigurationPlatforms) = postSolution
		{8BC5F439-3B71-47DF-A7DB-F4DDD73592D1}.Debug|Any CPU.ActiveCfg = Debug|Any CPU
		{8BC5F439-3B71-47DF-A7DB-F4DDD73592D1}.Debug|Any CPU.Build.0 = Debug|Any CPU
		{8BC5F439-3B71-47DF-A7DB-F4DDD73592D1}.Debug|Any CPU.Deploy.0 = Debug|Any CPU
		{8BC5F439-3B71-47DF-A7DB-F4DDD73592D1}.Release|Any CPU.ActiveCfg = Release|Any CPU
		{8BC5F439-3B71-47DF-A7DB-F4DDD73592D1}.Release|Any CPU.Build.0 = Release|Any CPU
		{8BC5F439-3B71-47DF-A7DB-F4DDD73592D1}.Release|Any CPU.Deploy.0 = Release|Any CPU
		{B0CD30D7-06DF-483F-9D33-A1B6495FAB59}.Debug|Any CPU.ActiveCfg = Debug|Any CPU
		{B0CD30D7-06DF-483F-9D33-A1B6495FAB59}.Debug|Any CPU.Build.0 = Debug|Any CPU
		{B0CD30D7-06DF-483F-9D33-A1B6495FAB59}.Release|Any CPU.ActiveCfg = Release|Any CPU
		{B0CD30D7-06DF-483F-9D33-A1B6495FAB59}.Release|Any CPU.Build.0 = Release|Any CPU
		{8EDE82AD-F4DA-4AA9-9275-6A23FDFFFABA}.Debug|Any CPU.ActiveCfg = Debug|Any CPU
		{8EDE82AD-F4DA-4AA9-9275-6A23FDFFFABA}.Debug|Any CPU.Build.0 = Debug|Any CPU
		{8EDE82AD-F4DA-4AA9-9275-6A23FDFFFABA}.Release|Any CPU.ActiveCfg = Release|Any CPU
		{8EDE82AD-F4DA-4AA9-9275-6A23FDFFFABA}.Release|Any CPU.Build.0 = Release|Any CPU
		{A0185DE1-1067-4277-BE5C-7BD5E6AD99C5}.Debug|Any CPU.ActiveCfg = Debug|Any CPU
		{A0185DE1-1067-4277-BE5C-7BD5E6AD99C5}.Debug|Any CPU.Build.0 = Debug|Any CPU
		{A0185DE1-1067-4277-BE5C-7BD5E6AD99C5}.Release|Any CPU.ActiveCfg = Release|Any CPU
		{A0185DE1-1067-4277-BE5C-7BD5E6AD99C5}.Release|Any CPU.Build.0 = Release|Any CPU
		{87313D78-5D3B-4CC3-93F8-2125B0C78177}.Debug|Any CPU.ActiveCfg = Debug|Any CPU
		{87313D78-5D3B-4CC3-93F8-2125B0C78177}.Debug|Any CPU.Build.0 = Debug|Any CPU
		{87313D78-5D3B-4CC3-93F8-2125B0C78177}.Release|Any CPU.ActiveCfg = Release|Any CPU
		{87313D78-5D3B-4CC3-93F8-2125B0C78177}.Release|Any CPU.Build.0 = Release|Any CPU
		{20890A5B-05D1-402A-A3B8-171AADCB42DE}.Debug|Any CPU.ActiveCfg = Debug|Any CPU
		{20890A5B-05D1-402A-A3B8-171AADCB42DE}.Debug|Any CPU.Build.0 = Debug|Any CPU
		{20890A5B-05D1-402A-A3B8-171AADCB42DE}.Release|Any CPU.ActiveCfg = Release|Any CPU
		{20890A5B-05D1-402A-A3B8-171AADCB42DE}.Release|Any CPU.Build.0 = Release|Any CPU
		{DA772D6A-5A4F-4769-983D-2035796D2522}.Debug|Any CPU.ActiveCfg = Debug|Any CPU
		{DA772D6A-5A4F-4769-983D-2035796D2522}.Debug|Any CPU.Build.0 = Debug|Any CPU
		{DA772D6A-5A4F-4769-983D-2035796D2522}.Release|Any CPU.ActiveCfg = Release|Any CPU
		{DA772D6A-5A4F-4769-983D-2035796D2522}.Release|Any CPU.Build.0 = Release|Any CPU
		{1AB6600C-1B47-42ED-9C76-8B14D9B10BBB}.Debug|Any CPU.ActiveCfg = Debug|Any CPU
		{1AB6600C-1B47-42ED-9C76-8B14D9B10BBB}.Debug|Any CPU.Build.0 = Debug|Any CPU
		{1AB6600C-1B47-42ED-9C76-8B14D9B10BBB}.Release|Any CPU.ActiveCfg = Release|Any CPU
		{1AB6600C-1B47-42ED-9C76-8B14D9B10BBB}.Release|Any CPU.Build.0 = Release|Any CPU
		{AC0ED35D-9A01-40BF-BC59-62423EE1B6DC}.Debug|Any CPU.ActiveCfg = Debug|Any CPU
		{AC0ED35D-9A01-40BF-BC59-62423EE1B6DC}.Debug|Any CPU.Build.0 = Debug|Any CPU
		{AC0ED35D-9A01-40BF-BC59-62423EE1B6DC}.Release|Any CPU.ActiveCfg = Release|Any CPU
		{AC0ED35D-9A01-40BF-BC59-62423EE1B6DC}.Release|Any CPU.Build.0 = Release|Any CPU
		{C1A091FB-13EA-44E1-A873-685C9D2355FB}.Debug|Any CPU.ActiveCfg = Debug|Any CPU
		{C1A091FB-13EA-44E1-A873-685C9D2355FB}.Debug|Any CPU.Build.0 = Debug|Any CPU
		{C1A091FB-13EA-44E1-A873-685C9D2355FB}.Release|Any CPU.ActiveCfg = Release|Any CPU
		{C1A091FB-13EA-44E1-A873-685C9D2355FB}.Release|Any CPU.Build.0 = Release|Any CPU
		{FC71C892-ADA2-4AE8-B475-5DC68CDCA54F}.Debug|Any CPU.ActiveCfg = Debug|Any CPU
		{FC71C892-ADA2-4AE8-B475-5DC68CDCA54F}.Debug|Any CPU.Build.0 = Debug|Any CPU
		{FC71C892-ADA2-4AE8-B475-5DC68CDCA54F}.Release|Any CPU.ActiveCfg = Release|Any CPU
		{FC71C892-ADA2-4AE8-B475-5DC68CDCA54F}.Release|Any CPU.Build.0 = Release|Any CPU
	EndGlobalSection
	GlobalSection(SolutionProperties) = preSolution
		HideSolutionNode = FALSE
	EndGlobalSection
	GlobalSection(NestedProjects) = preSolution
		{1AB6600C-1B47-42ED-9C76-8B14D9B10BBB} = {A41E0780-CADF-4AEC-B37C-D37DAB8A79E5}
		{C1A091FB-13EA-44E1-A873-685C9D2355FB} = {A41E0780-CADF-4AEC-B37C-D37DAB8A79E5}
		{FC71C892-ADA2-4AE8-B475-5DC68CDCA54F} = {A41E0780-CADF-4AEC-B37C-D37DAB8A79E5}
	EndGlobalSection
	GlobalSection(ExtensibilityGlobals) = postSolution
		SolutionGuid = {C5B677B2-0D72-4629-A5FD-F94B00EC858B}
	EndGlobalSection
EndGlobal
